// !$*UTF8*$!
{
	archiveVersion = 1;
	classes = {
	};
	objectVersion = 51;
	objects = {

/* Begin PBXBuildFile section */
		A36933B524077B7E00B27443 /* AppDelegate.swift in Sources */ = {isa = PBXBuildFile; fileRef = A36933B424077B7E00B27443 /* AppDelegate.swift */; };
		A36933B724077B7E00B27443 /* SceneDelegate.swift in Sources */ = {isa = PBXBuildFile; fileRef = A36933B624077B7E00B27443 /* SceneDelegate.swift */; };
		A36933BC24077B7E00B27443 /* Main.storyboard in Resources */ = {isa = PBXBuildFile; fileRef = A36933BA24077B7E00B27443 /* Main.storyboard */; };
		A36933BE24077B7F00B27443 /* Assets.xcassets in Resources */ = {isa = PBXBuildFile; fileRef = A36933BD24077B7F00B27443 /* Assets.xcassets */; };
		A36933C124077B7F00B27443 /* LaunchScreen.storyboard in Resources */ = {isa = PBXBuildFile; fileRef = A36933BF24077B7F00B27443 /* LaunchScreen.storyboard */; };
		A36933C9240781F200B27443 /* LoginViewController.swift in Sources */ = {isa = PBXBuildFile; fileRef = A36933C8240781F200B27443 /* LoginViewController.swift */; };
		A36933CB2407821400B27443 /* FeedViewController.swift in Sources */ = {isa = PBXBuildFile; fileRef = A36933CA2407821400B27443 /* FeedViewController.swift */; };
		A36933CD24078B4100B27443 /* CameraViewController.swift in Sources */ = {isa = PBXBuildFile; fileRef = A36933CC24078B4100B27443 /* CameraViewController.swift */; };
		A36933CF2407978C00B27443 /* PostCell.swift in Sources */ = {isa = PBXBuildFile; fileRef = A36933CE2407978C00B27443 /* PostCell.swift */; };
		BEEB7437EA5C9FA7A706361A /* Pods_Parstagram.framework in Frameworks */ = {isa = PBXBuildFile; fileRef = 924B3AFD5ACB831A1E73F13C /* Pods_Parstagram.framework */; };
/* End PBXBuildFile section */

/* Begin PBXFileReference section */
		1155664E02B22120D312C04B /* Pods-Parstagram.debug.xcconfig */ = {isa = PBXFileReference; includeInIndex = 1; lastKnownFileType = text.xcconfig; name = "Pods-Parstagram.debug.xcconfig"; path = "Target Support Files/Pods-Parstagram/Pods-Parstagram.debug.xcconfig"; sourceTree = "<group>"; };
		435B777EDA85813288A88F3F /* Pods-Parstagram.release.xcconfig */ = {isa = PBXFileReference; includeInIndex = 1; lastKnownFileType = text.xcconfig; name = "Pods-Parstagram.release.xcconfig"; path = "Target Support Files/Pods-Parstagram/Pods-Parstagram.release.xcconfig"; sourceTree = "<group>"; };
		924B3AFD5ACB831A1E73F13C /* Pods_Parstagram.framework */ = {isa = PBXFileReference; explicitFileType = wrapper.framework; includeInIndex = 0; path = Pods_Parstagram.framework; sourceTree = BUILT_PRODUCTS_DIR; };
		A36933B124077B7E00B27443 /* Parstagram.app */ = {isa = PBXFileReference; explicitFileType = wrapper.application; includeInIndex = 0; path = Parstagram.app; sourceTree = BUILT_PRODUCTS_DIR; };
		A36933B424077B7E00B27443 /* AppDelegate.swift */ = {isa = PBXFileReference; lastKnownFileType = sourcecode.swift; path = AppDelegate.swift; sourceTree = "<group>"; };
		A36933B624077B7E00B27443 /* SceneDelegate.swift */ = {isa = PBXFileReference; lastKnownFileType = sourcecode.swift; path = SceneDelegate.swift; sourceTree = "<group>"; };
		A36933BB24077B7E00B27443 /* Base */ = {isa = PBXFileReference; lastKnownFileType = file.storyboard; name = Base; path = Base.lproj/Main.storyboard; sourceTree = "<group>"; };
		A36933BD24077B7F00B27443 /* Assets.xcassets */ = {isa = PBXFileReference; lastKnownFileType = folder.assetcatalog; path = Assets.xcassets; sourceTree = "<group>"; };
		A36933C024077B7F00B27443 /* Base */ = {isa = PBXFileReference; lastKnownFileType = file.storyboard; name = Base; path = Base.lproj/LaunchScreen.storyboard; sourceTree = "<group>"; };
		A36933C224077B7F00B27443 /* Info.plist */ = {isa = PBXFileReference; lastKnownFileType = text.plist.xml; path = Info.plist; sourceTree = "<group>"; };
		A36933C8240781F200B27443 /* LoginViewController.swift */ = {isa = PBXFileReference; lastKnownFileType = sourcecode.swift; path = LoginViewController.swift; sourceTree = "<group>"; };
		A36933CA2407821400B27443 /* FeedViewController.swift */ = {isa = PBXFileReference; lastKnownFileType = sourcecode.swift; path = FeedViewController.swift; sourceTree = "<group>"; };
		A36933CC24078B4100B27443 /* CameraViewController.swift */ = {isa = PBXFileReference; lastKnownFileType = sourcecode.swift; path = CameraViewController.swift; sourceTree = "<group>"; };
		A36933CE2407978C00B27443 /* PostCell.swift */ = {isa = PBXFileReference; lastKnownFileType = sourcecode.swift; path = PostCell.swift; sourceTree = "<group>"; };
/* End PBXFileReference section */

/* Begin PBXFrameworksBuildPhase section */
		A36933AE24077B7E00B27443 /* Frameworks */ = {
			isa = PBXFrameworksBuildPhase;
			buildActionMask = 2147483647;
			files = (
				BEEB7437EA5C9FA7A706361A /* Pods_Parstagram.framework in Frameworks */,
			);
			runOnlyForDeploymentPostprocessing = 0;
		};
/* End PBXFrameworksBuildPhase section */

/* Begin PBXGroup section */
		11655901468E23E4370566F0 /* Frameworks */ = {
			isa = PBXGroup;
			children = (
				924B3AFD5ACB831A1E73F13C /* Pods_Parstagram.framework */,
			);
			name = Frameworks;
			sourceTree = "<group>";
		};
		8C279E3BAC0CD2C3B06A1B7A /* Pods */ = {
			isa = PBXGroup;
			children = (
				1155664E02B22120D312C04B /* Pods-Parstagram.debug.xcconfig */,
				435B777EDA85813288A88F3F /* Pods-Parstagram.release.xcconfig */,
			);
			path = Pods;
			sourceTree = "<group>";
		};
		A36933A824077B7E00B27443 = {
			isa = PBXGroup;
			children = (
				A36933B324077B7E00B27443 /* Parstagram */,
				A36933B224077B7E00B27443 /* Products */,
				8C279E3BAC0CD2C3B06A1B7A /* Pods */,
				11655901468E23E4370566F0 /* Frameworks */,
			);
			sourceTree = "<group>";
		};
		A36933B224077B7E00B27443 /* Products */ = {
			isa = PBXGroup;
			children = (
				A36933B124077B7E00B27443 /* Parstagram.app */,
			);
			name = Products;
			sourceTree = "<group>";
		};
		A36933B324077B7E00B27443 /* Parstagram */ = {
			isa = PBXGroup;
			children = (
				A36933B424077B7E00B27443 /* AppDelegate.swift */,
				A36933B624077B7E00B27443 /* SceneDelegate.swift */,
				A36933BA24077B7E00B27443 /* Main.storyboard */,
				A36933BD24077B7F00B27443 /* Assets.xcassets */,
				A36933BF24077B7F00B27443 /* LaunchScreen.storyboard */,
				A36933C224077B7F00B27443 /* Info.plist */,
				A36933C8240781F200B27443 /* LoginViewController.swift */,
				A36933CA2407821400B27443 /* FeedViewController.swift */,
				A36933CC24078B4100B27443 /* CameraViewController.swift */,
				A36933CE2407978C00B27443 /* PostCell.swift */,
			);
			path = Parstagram;
			sourceTree = "<group>";
		};
/* End PBXGroup section */

/* Begin PBXNativeTarget section */
		A36933B024077B7E00B27443 /* Parstagram */ = {
			isa = PBXNativeTarget;
			buildConfigurationList = A36933C524077B7F00B27443 /* Build configuration list for PBXNativeTarget "Parstagram" */;
			buildPhases = (
				19F18EB1FC1F9FFB399F09AD /* [CP] Check Pods Manifest.lock */,
				A36933AD24077B7E00B27443 /* Sources */,
				A36933AE24077B7E00B27443 /* Frameworks */,
				A36933AF24077B7E00B27443 /* Resources */,
				1FC21D940CBB980C9B9EFAAE /* [CP] Embed Pods Frameworks */,
			);
			buildRules = (
			);
			dependencies = (
			);
			name = Parstagram;
			productName = Parstagram;
			productReference = A36933B124077B7E00B27443 /* Parstagram.app */;
			productType = "com.apple.product-type.application";
		};
/* End PBXNativeTarget section */

/* Begin PBXProject section */
		A36933A924077B7E00B27443 /* Project object */ = {
			isa = PBXProject;
			attributes = {
				LastSwiftUpdateCheck = 1130;
				LastUpgradeCheck = 1130;
				ORGANIZATIONNAME = "Paul Pan";
				TargetAttributes = {
					A36933B024077B7E00B27443 = {
						CreatedOnToolsVersion = 11.3.1;
					};
				};
			};
			buildConfigurationList = A36933AC24077B7E00B27443 /* Build configuration list for PBXProject "Parstagram" */;
			compatibilityVersion = "Xcode 9.3";
			developmentRegion = en;
			hasScannedForEncodings = 0;
			knownRegions = (
				en,
				Base,
			);
			mainGroup = A36933A824077B7E00B27443;
			productRefGroup = A36933B224077B7E00B27443 /* Products */;
			projectDirPath = "";
			projectRoot = "";
			targets = (
				A36933B024077B7E00B27443 /* Parstagram */,
			);
		};
/* End PBXProject section */

/* Begin PBXResourcesBuildPhase section */
		A36933AF24077B7E00B27443 /* Resources */ = {
			isa = PBXResourcesBuildPhase;
			buildActionMask = 2147483647;
			files = (
				A36933C124077B7F00B27443 /* LaunchScreen.storyboard in Resources */,
				A36933BE24077B7F00B27443 /* Assets.xcassets in Resources */,
				A36933BC24077B7E00B27443 /* Main.storyboard in Resources */,
			);
			runOnlyForDeploymentPostprocessing = 0;
		};
/* End PBXResourcesBuildPhase section */

/* Begin PBXShellScriptBuildPhase section */
		19F18EB1FC1F9FFB399F09AD /* [CP] Check Pods Manifest.lock */ = {
			isa = PBXShellScriptBuildPhase;
			buildActionMask = 2147483647;
			files = (
			);
			inputFileListPaths = (
			);
			inputPaths = (
				"${PODS_PODFILE_DIR_PATH}/Podfile.lock",
				"${PODS_ROOT}/Manifest.lock",
			);
			name = "[CP] Check Pods Manifest.lock";
			outputFileListPaths = (
			);
			outputPaths = (
				"$(DERIVED_FILE_DIR)/Pods-Parstagram-checkManifestLockResult.txt",
			);
			runOnlyForDeploymentPostprocessing = 0;
			shellPath = /bin/sh;
			shellScript = "diff \"${PODS_PODFILE_DIR_PATH}/Podfile.lock\" \"${PODS_ROOT}/Manifest.lock\" > /dev/null\nif [ $? != 0 ] ; then\n    # print error to STDERR\n    echo \"error: The sandbox is not in sync with the Podfile.lock. Run 'pod install' or update your CocoaPods installation.\" >&2\n    exit 1\nfi\n# This output is used by Xcode 'outputs' to avoid re-running this script phase.\necho \"SUCCESS\" > \"${SCRIPT_OUTPUT_FILE_0}\"\n";
			showEnvVarsInLog = 0;
		};
		1FC21D940CBB980C9B9EFAAE /* [CP] Embed Pods Frameworks */ = {
			isa = PBXShellScriptBuildPhase;
			buildActionMask = 2147483647;
			files = (
			);
			inputFileListPaths = (
				"${PODS_ROOT}/Target Support Files/Pods-Parstagram/Pods-Parstagram-frameworks-${CONFIGURATION}-input-files.xcfilelist",
			);
			name = "[CP] Embed Pods Frameworks";
			outputFileListPaths = (
				"${PODS_ROOT}/Target Support Files/Pods-Parstagram/Pods-Parstagram-frameworks-${CONFIGURATION}-output-files.xcfilelist",
			);
			runOnlyForDeploymentPostprocessing = 0;
			shellPath = /bin/sh;
			shellScript = "\"${PODS_ROOT}/Target Support Files/Pods-Parstagram/Pods-Parstagram-frameworks.sh\"\n";
			showEnvVarsInLog = 0;
		};
/* End PBXShellScriptBuildPhase section */

/* Begin PBXSourcesBuildPhase section */
		A36933AD24077B7E00B27443 /* Sources */ = {
			isa = PBXSourcesBuildPhase;
			buildActionMask = 2147483647;
			files = (
				A36933C9240781F200B27443 /* LoginViewController.swift in Sources */,
				A36933CD24078B4100B27443 /* CameraViewController.swift in Sources */,
				A36933B524077B7E00B27443 /* AppDelegate.swift in Sources */,
				A36933CB2407821400B27443 /* FeedViewController.swift in Sources */,
				A36933B724077B7E00B27443 /* SceneDelegate.swift in Sources */,
				A36933CF2407978C00B27443 /* PostCell.swift in Sources */,
			);
			runOnlyForDeploymentPostprocessing = 0;
		};
/* End PBXSourcesBuildPhase section */

/* Begin PBXVariantGroup section */
		A36933BA24077B7E00B27443 /* Main.storyboard */ = {
			isa = PBXVariantGroup;
			children = (
				A36933BB24077B7E00B27443 /* Base */,
			);
			name = Main.storyboard;
			sourceTree = "<group>";
		};
		A36933BF24077B7F00B27443 /* LaunchScreen.storyboard */ = {
			isa = PBXVariantGroup;
			children = (
				A36933C024077B7F00B27443 /* Base */,
			);
			name = LaunchScreen.storyboard;
			sourceTree = "<group>";
		};
/* End PBXVariantGroup section */

/* Begin XCBuildConfiguration section */
		A36933C324077B7F00B27443 /* Debug */ = {
			isa = XCBuildConfiguration;
			buildSettings = {
				ALWAYS_SEARCH_USER_PATHS = NO;
				CLANG_ANALYZER_NONNULL = YES;
				CLANG_ANALYZER_NUMBER_OBJECT_CONVERSION = YES_AGGRESSIVE;
				CLANG_CXX_LANGUAGE_STANDARD = "gnu++14";
				CLANG_CXX_LIBRARY = "libc++";
				CLANG_ENABLE_MODULES = YES;
				CLANG_ENABLE_OBJC_ARC = YES;
				CLANG_ENABLE_OBJC_WEAK = YES;
				CLANG_WARN_BLOCK_CAPTURE_AUTORELEASING = YES;
				CLANG_WARN_BOOL_CONVERSION = YES;
				CLANG_WARN_COMMA = YES;
				CLANG_WARN_CONSTANT_CONVERSION = YES;
				CLANG_WARN_DEPRECATED_OBJC_IMPLEMENTATIONS = YES;
				CLANG_WARN_DIRECT_OBJC_ISA_USAGE = YES_ERROR;
				CLANG_WARN_DOCUMENTATION_COMMENTS = YES;
				CLANG_WARN_EMPTY_BODY = YES;
				CLANG_WARN_ENUM_CONVERSION = YES;
				CLANG_WARN_INFINITE_RECURSION = YES;
				CLANG_WARN_INT_CONVERSION = YES;
				CLANG_WARN_NON_LITERAL_NULL_CONVERSION = YES;
				CLANG_WARN_OBJC_IMPLICIT_RETAIN_SELF = YES;
				CLANG_WARN_OBJC_LITERAL_CONVERSION = YES;
				CLANG_WARN_OBJC_ROOT_CLASS = YES_ERROR;
				CLANG_WARN_RANGE_LOOP_ANALYSIS = YES;
				CLANG_WARN_STRICT_PROTOTYPES = YES;
				CLANG_WARN_SUSPICIOUS_MOVE = YES;
				CLANG_WARN_UNGUARDED_AVAILABILITY = YES_AGGRESSIVE;
				CLANG_WARN_UNREACHABLE_CODE = YES;
				CLANG_WARN__DUPLICATE_METHOD_MATCH = YES;
				COPY_PHASE_STRIP = NO;
				DEBUG_INFORMATION_FORMAT = dwarf;
				ENABLE_STRICT_OBJC_MSGSEND = YES;
				ENABLE_TESTABILITY = YES;
				GCC_C_LANGUAGE_STANDARD = gnu11;
				GCC_DYNAMIC_NO_PIC = NO;
				GCC_NO_COMMON_BLOCKS = YES;
				GCC_OPTIMIZATION_LEVEL = 0;
				GCC_PREPROCESSOR_DEFINITIONS = (
					"DEBUG=1",
					"$(inherited)",
				);
				GCC_WARN_64_TO_32_BIT_CONVERSION = YES;
				GCC_WARN_ABOUT_RETURN_TYPE = YES_ERROR;
				GCC_WARN_UNDECLARED_SELECTOR = YES;
				GCC_WARN_UNINITIALIZED_AUTOS = YES_AGGRESSIVE;
				GCC_WARN_UNUSED_FUNCTION = YES;
				GCC_WARN_UNUSED_VARIABLE = YES;
				IPHONEOS_DEPLOYMENT_TARGET = 13.2;
				MTL_ENABLE_DEBUG_INFO = INCLUDE_SOURCE;
				MTL_FAST_MATH = YES;
				ONLY_ACTIVE_ARCH = YES;
				SDKROOT = iphoneos;
				SWIFT_ACTIVE_COMPILATION_CONDITIONS = DEBUG;
				SWIFT_OPTIMIZATION_LEVEL = "-Onone";
			};
			name = Debug;
		};
		A36933C424077B7F00B27443 /* Release */ = {
			isa = XCBuildConfiguration;
			buildSettings = {
				ALWAYS_SEARCH_USER_PATHS = NO;
				CLANG_ANALYZER_NONNULL = YES;
				CLANG_ANALYZER_NUMBER_OBJECT_CONVERSION = YES_AGGRESSIVE;
				CLANG_CXX_LANGUAGE_STANDARD = "gnu++14";
				CLANG_CXX_LIBRARY = "libc++";
				CLANG_ENABLE_MODULES = YES;
				CLANG_ENABLE_OBJC_ARC = YES;
				CLANG_ENABLE_OBJC_WEAK = YES;
				CLANG_WARN_BLOCK_CAPTURE_AUTORELEASING = YES;
				CLANG_WARN_BOOL_CONVERSION = YES;
				CLANG_WARN_COMMA = YES;
				CLANG_WARN_CONSTANT_CONVERSION = YES;
				CLANG_WARN_DEPRECATED_OBJC_IMPLEMENTATIONS = YES;
				CLANG_WARN_DIRECT_OBJC_ISA_USAGE = YES_ERROR;
				CLANG_WARN_DOCUMENTATION_COMMENTS = YES;
				CLANG_WARN_EMPTY_BODY = YES;
				CLANG_WARN_ENUM_CONVERSION = YES;
				CLANG_WARN_INFINITE_RECURSION = YES;
				CLANG_WARN_INT_CONVERSION = YES;
				CLANG_WARN_NON_LITERAL_NULL_CONVERSION = YES;
				CLANG_WARN_OBJC_IMPLICIT_RETAIN_SELF = YES;
				CLANG_WARN_OBJC_LITERAL_CONVERSION = YES;
				CLANG_WARN_OBJC_ROOT_CLASS = YES_ERROR;
				CLANG_WARN_RANGE_LOOP_ANALYSIS = YES;
				CLANG_WARN_STRICT_PROTOTYPES = YES;
				CLANG_WARN_SUSPICIOUS_MOVE = YES;
				CLANG_WARN_UNGUARDED_AVAILABILITY = YES_AGGRESSIVE;
				CLANG_WARN_UNREACHABLE_CODE = YES;
				CLANG_WARN__DUPLICATE_METHOD_MATCH = YES;
				COPY_PHASE_STRIP = NO;
				DEBUG_INFORMATION_FORMAT = "dwarf-with-dsym";
				ENABLE_NS_ASSERTIONS = NO;
				ENABLE_STRICT_OBJC_MSGSEND = YES;
				GCC_C_LANGUAGE_STANDARD = gnu11;
				GCC_NO_COMMON_BLOCKS = YES;
				GCC_WARN_64_TO_32_BIT_CONVERSION = YES;
				GCC_WARN_ABOUT_RETURN_TYPE = YES_ERROR;
				GCC_WARN_UNDECLARED_SELECTOR = YES;
				GCC_WARN_UNINITIALIZED_AUTOS = YES_AGGRESSIVE;
				GCC_WARN_UNUSED_FUNCTION = YES;
				GCC_WARN_UNUSED_VARIABLE = YES;
				IPHONEOS_DEPLOYMENT_TARGET = 13.2;
				MTL_ENABLE_DEBUG_INFO = NO;
				MTL_FAST_MATH = YES;
				SDKROOT = iphoneos;
				SWIFT_COMPILATION_MODE = wholemodule;
				SWIFT_OPTIMIZATION_LEVEL = "-O";
				VALIDATE_PRODUCT = YES;
			};
			name = Release;
		};
		A36933C624077B7F00B27443 /* Debug */ = {
			isa = XCBuildConfiguration;
			baseConfigurationReference = 1155664E02B22120D312C04B /* Pods-Parstagram.debug.xcconfig */;
			buildSettings = {
				ASSETCATALOG_COMPILER_APPICON_NAME = AppIcon;
				CODE_SIGN_STYLE = Automatic;
				DEVELOPMENT_TEAM = 5ZW524U785;
				INFOPLIST_FILE = Parstagram/Info.plist;
				LD_RUNPATH_SEARCH_PATHS = (
					"$(inherited)",
					"@executable_path/Frameworks",
				);
				PRODUCT_BUNDLE_IDENTIFIER = com.paulpan.Parstagram;
				PRODUCT_NAME = "$(TARGET_NAME)";
				SWIFT_VERSION = 5.0;
				TARGETED_DEVICE_FAMILY = "1,2";
			};
			name = Debug;
		};
		A36933C724077B7F00B27443 /* Release */ = {
			isa = XCBuildConfiguration;
			baseConfigurationReference = 435B777EDA85813288A88F3F /* Pods-Parstagram.release.xcconfig */;
			buildSettings = {
				ASSETCATALOG_COMPILER_APPICON_NAME = AppIcon;
				CODE_SIGN_STYLE = Automatic;
				DEVELOPMENT_TEAM = 5ZW524U785;
				INFOPLIST_FILE = Parstagram/Info.plist;
				LD_RUNPATH_SEARCH_PATHS = (
					"$(inherited)",
					"@executable_path/Frameworks",
				);
				PRODUCT_BUNDLE_IDENTIFIER = com.paulpan.Parstagram;
				PRODUCT_NAME = "$(TARGET_NAME)";
				SWIFT_VERSION = 5.0;
				TARGETED_DEVICE_FAMILY = "1,2";
			};
			name = Release;
		};
/* End XCBuildConfiguration section */

/* Begin XCConfigurationList section */
		A36933AC24077B7E00B27443 /* Build configuration list for PBXProject "Parstagram" */ = {
			isa = XCConfigurationList;
			buildConfigurations = (
				A36933C324077B7F00B27443 /* Debug */,
				A36933C424077B7F00B27443 /* Release */,
			);
			defaultConfigurationIsVisible = 0;
			defaultConfigurationName = Release;
		};
		A36933C524077B7F00B27443 /* Build configuration list for PBXNativeTarget "Parstagram" */ = {
			isa = XCConfigurationList;
			buildConfigurations = (
				A36933C624077B7F00B27443 /* Debug */,
				A36933C724077B7F00B27443 /* Release */,
			);
			defaultConfigurationIsVisible = 0;
			defaultConfigurationName = Release;
		};
/* End XCConfigurationList section */
	};
	rootObject = A36933A924077B7E00B27443 /* Project object */;
}
